// !$*UTF8*$!
{
	archiveVersion = 1;
	classes = {
	};
	objectVersion = 48;
	objects = {

/* Begin PBXBuildFile section */
		E91169F4202BB9BE00BF584B /* FetchedResultsTableViewController.swift in Sources */ = {isa = PBXBuildFile; fileRef = E91169F3202BB9BE00BF584B /* FetchedResultsTableViewController.swift */; };
		E91169F6202BBA1400BF584B /* OnlineStoreTableViewController.swift in Sources */ = {isa = PBXBuildFile; fileRef = E91169F5202BBA1400BF584B /* OnlineStoreTableViewController.swift */; };
		E91169F8202BC39500BF584B /* ProductTableViewCell.swift in Sources */ = {isa = PBXBuildFile; fileRef = E91169F7202BC39500BF584B /* ProductTableViewCell.swift */; };
		E91169FA202BCC0200BF584B /* FavoritesTableViewController.swift in Sources */ = {isa = PBXBuildFile; fileRef = E91169F9202BCC0200BF584B /* FavoritesTableViewController.swift */; };
		E91169FC202BCDA800BF584B /* FavoriteTableViewCell.swift in Sources */ = {isa = PBXBuildFile; fileRef = E91169FB202BCDA800BF584B /* FavoriteTableViewCell.swift */; };
		E913D472202A3C5C00243BDE /* AppDelegate.swift in Sources */ = {isa = PBXBuildFile; fileRef = E913D471202A3C5C00243BDE /* AppDelegate.swift */; };
		E913D477202A3C5C00243BDE /* Main.storyboard in Resources */ = {isa = PBXBuildFile; fileRef = E913D475202A3C5C00243BDE /* Main.storyboard */; };
		E913D47A202A3C5C00243BDE /* Online_Shopping.xcdatamodeld in Sources */ = {isa = PBXBuildFile; fileRef = E913D478202A3C5C00243BDE /* Online_Shopping.xcdatamodeld */; };
		E913D47C202A3C5C00243BDE /* Assets.xcassets in Resources */ = {isa = PBXBuildFile; fileRef = E913D47B202A3C5C00243BDE /* Assets.xcassets */; };
		E913D47F202A3C5C00243BDE /* LaunchScreen.storyboard in Resources */ = {isa = PBXBuildFile; fileRef = E913D47D202A3C5C00243BDE /* LaunchScreen.storyboard */; };
		E913D48A202A3CFD00243BDE /* Product+CoreDataClass.swift in Sources */ = {isa = PBXBuildFile; fileRef = E913D486202A3CFD00243BDE /* Product+CoreDataClass.swift */; };
		E913D48C202A3CFD00243BDE /* Cart+CoreDataClass.swift in Sources */ = {isa = PBXBuildFile; fileRef = E913D488202A3CFD00243BDE /* Cart+CoreDataClass.swift */; };
		E913D490202A42C600243BDE /* User+CoreDataClass.swift in Sources */ = {isa = PBXBuildFile; fileRef = E913D48E202A42C600243BDE /* User+CoreDataClass.swift */; };
		E913D495202A42F600243BDE /* CoreDataStack.swift in Sources */ = {isa = PBXBuildFile; fileRef = E913D494202A42F600243BDE /* CoreDataStack.swift */; };
/* End PBXBuildFile section */

/* Begin PBXFileReference section */
		E91169F3202BB9BE00BF584B /* FetchedResultsTableViewController.swift */ = {isa = PBXFileReference; fileEncoding = 4; lastKnownFileType = sourcecode.swift; path = FetchedResultsTableViewController.swift; sourceTree = "<group>"; };
		E91169F5202BBA1400BF584B /* OnlineStoreTableViewController.swift */ = {isa = PBXFileReference; lastKnownFileType = sourcecode.swift; path = OnlineStoreTableViewController.swift; sourceTree = "<group>"; };
		E91169F7202BC39500BF584B /* ProductTableViewCell.swift */ = {isa = PBXFileReference; lastKnownFileType = sourcecode.swift; path = ProductTableViewCell.swift; sourceTree = "<group>"; };
		E91169F9202BCC0200BF584B /* FavoritesTableViewController.swift */ = {isa = PBXFileReference; lastKnownFileType = sourcecode.swift; path = FavoritesTableViewController.swift; sourceTree = "<group>"; };
		E91169FB202BCDA800BF584B /* FavoriteTableViewCell.swift */ = {isa = PBXFileReference; lastKnownFileType = sourcecode.swift; path = FavoriteTableViewCell.swift; sourceTree = "<group>"; };
		E913D46E202A3C5C00243BDE /* Online-Shopping.app */ = {isa = PBXFileReference; explicitFileType = wrapper.application; includeInIndex = 0; path = "Online-Shopping.app"; sourceTree = BUILT_PRODUCTS_DIR; };
		E913D471202A3C5C00243BDE /* AppDelegate.swift */ = {isa = PBXFileReference; lastKnownFileType = sourcecode.swift; path = AppDelegate.swift; sourceTree = "<group>"; };
		E913D476202A3C5C00243BDE /* Base */ = {isa = PBXFileReference; lastKnownFileType = file.storyboard; name = Base; path = Base.lproj/Main.storyboard; sourceTree = "<group>"; };
		E913D479202A3C5C00243BDE /* Online_Shopping.xcdatamodel */ = {isa = PBXFileReference; lastKnownFileType = wrapper.xcdatamodel; path = Online_Shopping.xcdatamodel; sourceTree = "<group>"; };
		E913D47B202A3C5C00243BDE /* Assets.xcassets */ = {isa = PBXFileReference; lastKnownFileType = folder.assetcatalog; path = Assets.xcassets; sourceTree = "<group>"; };
		E913D47E202A3C5C00243BDE /* Base */ = {isa = PBXFileReference; lastKnownFileType = file.storyboard; name = Base; path = Base.lproj/LaunchScreen.storyboard; sourceTree = "<group>"; };
		E913D480202A3C5C00243BDE /* Info.plist */ = {isa = PBXFileReference; lastKnownFileType = text.plist.xml; path = Info.plist; sourceTree = "<group>"; };
		E913D486202A3CFD00243BDE /* Product+CoreDataClass.swift */ = {isa = PBXFileReference; lastKnownFileType = sourcecode.swift; path = "Product+CoreDataClass.swift"; sourceTree = "<group>"; };
		E913D488202A3CFD00243BDE /* Cart+CoreDataClass.swift */ = {isa = PBXFileReference; lastKnownFileType = sourcecode.swift; path = "Cart+CoreDataClass.swift"; sourceTree = "<group>"; };
		E913D48E202A42C600243BDE /* User+CoreDataClass.swift */ = {isa = PBXFileReference; lastKnownFileType = sourcecode.swift; path = "User+CoreDataClass.swift"; sourceTree = "<group>"; };
		E913D494202A42F600243BDE /* CoreDataStack.swift */ = {isa = PBXFileReference; lastKnownFileType = sourcecode.swift; path = CoreDataStack.swift; sourceTree = "<group>"; };
/* End PBXFileReference section */

/* Begin PBXFrameworksBuildPhase section */
		E913D46B202A3C5C00243BDE /* Frameworks */ = {
			isa = PBXFrameworksBuildPhase;
			buildActionMask = 2147483647;
			files = (
			);
			runOnlyForDeploymentPostprocessing = 0;
		};
/* End PBXFrameworksBuildPhase section */

/* Begin PBXGroup section */
		E91169F2202BB97D00BF584B /* Supporiting Files */ = {
			isa = PBXGroup;
			children = (
				E913D475202A3C5C00243BDE /* Main.storyboard */,
				E913D47B202A3C5C00243BDE /* Assets.xcassets */,
				E913D47D202A3C5C00243BDE /* LaunchScreen.storyboard */,
				E913D480202A3C5C00243BDE /* Info.plist */,
			);
			name = "Supporiting Files";
			sourceTree = "<group>";
		};
		E913D465202A3C5C00243BDE = {
			isa = PBXGroup;
			children = (
				E913D470202A3C5C00243BDE /* Online-Shopping */,
				E913D46F202A3C5C00243BDE /* Products */,
			);
			sourceTree = "<group>";
		};
		E913D46F202A3C5C00243BDE /* Products */ = {
			isa = PBXGroup;
			children = (
				E913D46E202A3C5C00243BDE /* Online-Shopping.app */,
			);
			name = Products;
			sourceTree = "<group>";
		};
		E913D470202A3C5C00243BDE /* Online-Shopping */ = {
			isa = PBXGroup;
			children = (
				E913D471202A3C5C00243BDE /* AppDelegate.swift */,
				E91169F5202BBA1400BF584B /* OnlineStoreTableViewController.swift */,
				E91169F9202BCC0200BF584B /* FavoritesTableViewController.swift */,
				E91169F3202BB9BE00BF584B /* FetchedResultsTableViewController.swift */,
				E91169F2202BB97D00BF584B /* Supporiting Files */,
				E913D493202A42E100243BDE /* CoreData */,
				E91169F7202BC39500BF584B /* ProductTableViewCell.swift */,
				E91169FB202BCDA800BF584B /* FavoriteTableViewCell.swift */,
			);
			path = "Online-Shopping";
			sourceTree = "<group>";
		};
		E913D493202A42E100243BDE /* CoreData */ = {
			isa = PBXGroup;
			children = (
				E913D494202A42F600243BDE /* CoreDataStack.swift */,
				E913D478202A3C5C00243BDE /* Online_Shopping.xcdatamodeld */,
				E913D486202A3CFD00243BDE /* Product+CoreDataClass.swift */,
				E913D488202A3CFD00243BDE /* Cart+CoreDataClass.swift */,
				E913D48E202A42C600243BDE /* User+CoreDataClass.swift */,
			);
			name = CoreData;
			sourceTree = "<group>";
		};
/* End PBXGroup section */

/* Begin PBXNativeTarget section */
		E913D46D202A3C5C00243BDE /* Online-Shopping */ = {
			isa = PBXNativeTarget;
			buildConfigurationList = E913D483202A3C5C00243BDE /* Build configuration list for PBXNativeTarget "Online-Shopping" */;
			buildPhases = (
				E913D46A202A3C5C00243BDE /* Sources */,
				E913D46B202A3C5C00243BDE /* Frameworks */,
				E913D46C202A3C5C00243BDE /* Resources */,
			);
			buildRules = (
			);
			dependencies = (
			);
			name = "Online-Shopping";
			productName = "Online-Shopping";
			productReference = E913D46E202A3C5C00243BDE /* Online-Shopping.app */;
			productType = "com.apple.product-type.application";
		};
/* End PBXNativeTarget section */

/* Begin PBXProject section */
		E913D466202A3C5C00243BDE /* Project object */ = {
			isa = PBXProject;
			attributes = {
				LastSwiftUpdateCheck = 0920;
				LastUpgradeCheck = 0920;
				ORGANIZATIONNAME = LinnierGames;
				TargetAttributes = {
					E913D46D202A3C5C00243BDE = {
						CreatedOnToolsVersion = 9.2;
						ProvisioningStyle = Automatic;
					};
				};
			};
			buildConfigurationList = E913D469202A3C5C00243BDE /* Build configuration list for PBXProject "Online-Shopping" */;
			compatibilityVersion = "Xcode 8.0";
			developmentRegion = en;
			hasScannedForEncodings = 0;
			knownRegions = (
				en,
				Base,
			);
			mainGroup = E913D465202A3C5C00243BDE;
			productRefGroup = E913D46F202A3C5C00243BDE /* Products */;
			projectDirPath = "";
			projectRoot = "";
			targets = (
				E913D46D202A3C5C00243BDE /* Online-Shopping */,
			);
		};
/* End PBXProject section */

/* Begin PBXResourcesBuildPhase section */
		E913D46C202A3C5C00243BDE /* Resources */ = {
			isa = PBXResourcesBuildPhase;
			buildActionMask = 2147483647;
			files = (
				E913D47F202A3C5C00243BDE /* LaunchScreen.storyboard in Resources */,
				E913D47C202A3C5C00243BDE /* Assets.xcassets in Resources */,
				E913D477202A3C5C00243BDE /* Main.storyboard in Resources */,
			);
			runOnlyForDeploymentPostprocessing = 0;
		};
/* End PBXResourcesBuildPhase section */

/* Begin PBXSourcesBuildPhase section */
		E913D46A202A3C5C00243BDE /* Sources */ = {
			isa = PBXSourcesBuildPhase;
			buildActionMask = 2147483647;
			files = (
				E91169F6202BBA1400BF584B /* OnlineStoreTableViewController.swift in Sources */,
				E913D495202A42F600243BDE /* CoreDataStack.swift in Sources */,
				E91169F8202BC39500BF584B /* ProductTableViewCell.swift in Sources */,
				E91169FA202BCC0200BF584B /* FavoritesTableViewController.swift in Sources */,
				E913D472202A3C5C00243BDE /* AppDelegate.swift in Sources */,
				E913D490202A42C600243BDE /* User+CoreDataClass.swift in Sources */,
				E913D47A202A3C5C00243BDE /* Online_Shopping.xcdatamodeld in Sources */,
				E91169F4202BB9BE00BF584B /* FetchedResultsTableViewController.swift in Sources */,
				E913D48A202A3CFD00243BDE /* Product+CoreDataClass.swift in Sources */,
				E913D48C202A3CFD00243BDE /* Cart+CoreDataClass.swift in Sources */,
				E91169FC202BCDA800BF584B /* FavoriteTableViewCell.swift in Sources */,
			);
			runOnlyForDeploymentPostprocessing = 0;
		};
/* End PBXSourcesBuildPhase section */

/* Begin PBXVariantGroup section */
		E913D475202A3C5C00243BDE /* Main.storyboard */ = {
			isa = PBXVariantGroup;
			children = (
				E913D476202A3C5C00243BDE /* Base */,
			);
			name = Main.storyboard;
			sourceTree = "<group>";
		};
		E913D47D202A3C5C00243BDE /* LaunchScreen.storyboard */ = {
			isa = PBXVariantGroup;
			children = (
				E913D47E202A3C5C00243BDE /* Base */,
			);
			name = LaunchScreen.storyboard;
			sourceTree = "<group>";
		};
/* End PBXVariantGroup section */

/* Begin XCBuildConfiguration section */
		E913D481202A3C5C00243BDE /* Debug */ = {
			isa = XCBuildConfiguration;
			buildSettings = {
				ALWAYS_SEARCH_USER_PATHS = NO;
				CLANG_ANALYZER_NONNULL = YES;
				CLANG_ANALYZER_NUMBER_OBJECT_CONVERSION = YES_AGGRESSIVE;
				CLANG_CXX_LANGUAGE_STANDARD = "gnu++14";
				CLANG_CXX_LIBRARY = "libc++";
				CLANG_ENABLE_MODULES = YES;
				CLANG_ENABLE_OBJC_ARC = YES;
				CLANG_WARN_BLOCK_CAPTURE_AUTORELEASING = YES;
				CLANG_WARN_BOOL_CONVERSION = YES;
				CLANG_WARN_COMMA = YES;
				CLANG_WARN_CONSTANT_CONVERSION = YES;
				CLANG_WARN_DIRECT_OBJC_ISA_USAGE = YES_ERROR;
				CLANG_WARN_DOCUMENTATION_COMMENTS = YES;
				CLANG_WARN_EMPTY_BODY = YES;
				CLANG_WARN_ENUM_CONVERSION = YES;
				CLANG_WARN_INFINITE_RECURSION = YES;
				CLANG_WARN_INT_CONVERSION = YES;
				CLANG_WARN_NON_LITERAL_NULL_CONVERSION = YES;
				CLANG_WARN_OBJC_LITERAL_CONVERSION = YES;
				CLANG_WARN_OBJC_ROOT_CLASS = YES_ERROR;
				CLANG_WARN_RANGE_LOOP_ANALYSIS = YES;
				CLANG_WARN_STRICT_PROTOTYPES = YES;
				CLANG_WARN_SUSPICIOUS_MOVE = YES;
				CLANG_WARN_UNGUARDED_AVAILABILITY = YES_AGGRESSIVE;
				CLANG_WARN_UNREACHABLE_CODE = YES;
				CLANG_WARN__DUPLICATE_METHOD_MATCH = YES;
				CODE_SIGN_IDENTITY = "iPhone Developer";
				COPY_PHASE_STRIP = NO;
				DEBUG_INFORMATION_FORMAT = dwarf;
				ENABLE_STRICT_OBJC_MSGSEND = YES;
				ENABLE_TESTABILITY = YES;
				GCC_C_LANGUAGE_STANDARD = gnu11;
				GCC_DYNAMIC_NO_PIC = NO;
				GCC_NO_COMMON_BLOCKS = YES;
				GCC_OPTIMIZATION_LEVEL = 0;
				GCC_PREPROCESSOR_DEFINITIONS = (
					"DEBUG=1",
					"$(inherited)",
				);
				GCC_WARN_64_TO_32_BIT_CONVERSION = YES;
				GCC_WARN_ABOUT_RETURN_TYPE = YES_ERROR;
				GCC_WARN_UNDECLARED_SELECTOR = YES;
				GCC_WARN_UNINITIALIZED_AUTOS = YES_AGGRESSIVE;
				GCC_WARN_UNUSED_FUNCTION = YES;
				GCC_WARN_UNUSED_VARIABLE = YES;
				IPHONEOS_DEPLOYMENT_TARGET = 11.2;
				MTL_ENABLE_DEBUG_INFO = YES;
				ONLY_ACTIVE_ARCH = YES;
				SDKROOT = iphoneos;
				SWIFT_ACTIVE_COMPILATION_CONDITIONS = DEBUG;
				SWIFT_OPTIMIZATION_LEVEL = "-Onone";
			};
			name = Debug;
		};
		E913D482202A3C5C00243BDE /* Release */ = {
			isa = XCBuildConfiguration;
			buildSettings = {
				ALWAYS_SEARCH_USER_PATHS = NO;
				CLANG_ANALYZER_NONNULL = YES;
				CLANG_ANALYZER_NUMBER_OBJECT_CONVERSION = YES_AGGRESSIVE;
				CLANG_CXX_LANGUAGE_STANDARD = "gnu++14";
				CLANG_CXX_LIBRARY = "libc++";
				CLANG_ENABLE_MODULES = YES;
				CLANG_ENABLE_OBJC_ARC = YES;
				CLANG_WARN_BLOCK_CAPTURE_AUTORELEASING = YES;
				CLANG_WARN_BOOL_CONVERSION = YES;
				CLANG_WARN_COMMA = YES;
				CLANG_WARN_CONSTANT_CONVERSION = YES;
				CLANG_WARN_DIRECT_OBJC_ISA_USAGE = YES_ERROR;
				CLANG_WARN_DOCUMENTATION_COMMENTS = YES;
				CLANG_WARN_EMPTY_BODY = YES;
				CLANG_WARN_ENUM_CONVERSION = YES;
				CLANG_WARN_INFINITE_RECURSION = YES;
				CLANG_WARN_INT_CONVERSION = YES;
				CLANG_WARN_NON_LITERAL_NULL_CONVERSION = YES;
				CLANG_WARN_OBJC_LITERAL_CONVERSION = YES;
				CLANG_WARN_OBJC_ROOT_CLASS = YES_ERROR;
				CLANG_WARN_RANGE_LOOP_ANALYSIS = YES;
				CLANG_WARN_STRICT_PROTOTYPES = YES;
				CLANG_WARN_SUSPICIOUS_MOVE = YES;
				CLANG_WARN_UNGUARDED_AVAILABILITY = YES_AGGRESSIVE;
				CLANG_WARN_UNREACHABLE_CODE = YES;
				CLANG_WARN__DUPLICATE_METHOD_MATCH = YES;
				CODE_SIGN_IDENTITY = "iPhone Developer";
				COPY_PHASE_STRIP = NO;
				DEBUG_INFORMATION_FORMAT = "dwarf-with-dsym";
				ENABLE_NS_ASSERTIONS = NO;
				ENABLE_STRICT_OBJC_MSGSEND = YES;
				GCC_C_LANGUAGE_STANDARD = gnu11;
				GCC_NO_COMMON_BLOCKS = YES;
				GCC_WARN_64_TO_32_BIT_CONVERSION = YES;
				GCC_WARN_ABOUT_RETURN_TYPE = YES_ERROR;
				GCC_WARN_UNDECLARED_SELECTOR = YES;
				GCC_WARN_UNINITIALIZED_AUTOS = YES_AGGRESSIVE;
				GCC_WARN_UNUSED_FUNCTION = YES;
				GCC_WARN_UNUSED_VARIABLE = YES;
				IPHONEOS_DEPLOYMENT_TARGET = 11.2;
				MTL_ENABLE_DEBUG_INFO = NO;
				SDKROOT = iphoneos;
				SWIFT_OPTIMIZATION_LEVEL = "-Owholemodule";
				VALIDATE_PRODUCT = YES;
			};
			name = Release;
		};
		E913D484202A3C5C00243BDE /* Debug */ = {
			isa = XCBuildConfiguration;
			buildSettings = {
				ASSETCATALOG_COMPILER_APPICON_NAME = AppIcon;
				CODE_SIGN_STYLE = Automatic;
				DEVELOPMENT_TEAM = 8U3L6K9JA6;
				INFOPLIST_FILE = "Online-Shopping/Info.plist";
				LD_RUNPATH_SEARCH_PATHS = "$(inherited) @executable_path/Frameworks";
				PRODUCT_BUNDLE_IDENTIFIER = "com.linniergames.Online-Shopping";
				PRODUCT_NAME = "$(TARGET_NAME)";
				SWIFT_VERSION = 4.0;
				TARGETED_DEVICE_FAMILY = "1,2";
			};
			name = Debug;
		};
		E913D485202A3C5C00243BDE /* Release */ = {
			isa = XCBuildConfiguration;
			buildSettings = {
				ASSETCATALOG_COMPILER_APPICON_NAME = AppIcon;
				CODE_SIGN_STYLE = Automatic;
				DEVELOPMENT_TEAM = 8U3L6K9JA6;
				INFOPLIST_FILE = "Online-Shopping/Info.plist";
				LD_RUNPATH_SEARCH_PATHS = "$(inherited) @executable_path/Frameworks";
				PRODUCT_BUNDLE_IDENTIFIER = "com.linniergames.Online-Shopping";
				PRODUCT_NAME = "$(TARGET_NAME)";
				SWIFT_VERSION = 4.0;
				TARGETED_DEVICE_FAMILY = "1,2";
			};
			name = Release;
		};
/* End XCBuildConfiguration section */

/* Begin XCConfigurationList section */
		E913D469202A3C5C00243BDE /* Build configuration list for PBXProject "Online-Shopping" */ = {
			isa = XCConfigurationList;
			buildConfigurations = (
				E913D481202A3C5C00243BDE /* Debug */,
				E913D482202A3C5C00243BDE /* Release */,
			);
			defaultConfigurationIsVisible = 0;
			defaultConfigurationName = Release;
		};
		E913D483202A3C5C00243BDE /* Build configuration list for PBXNativeTarget "Online-Shopping" */ = {
			isa = XCConfigurationList;
			buildConfigurations = (
				E913D484202A3C5C00243BDE /* Debug */,
				E913D485202A3C5C00243BDE /* Release */,
			);
			defaultConfigurationIsVisible = 0;
			defaultConfigurationName = Release;
		};
/* End XCConfigurationList section */

/* Begin XCVersionGroup section */
		E913D478202A3C5C00243BDE /* Online_Shopping.xcdatamodeld */ = {
			isa = XCVersionGroup;
			children = (
				E913D479202A3C5C00243BDE /* Online_Shopping.xcdatamodel */,
			);
			currentVersion = E913D479202A3C5C00243BDE /* Online_Shopping.xcdatamodel */;
			path = Online_Shopping.xcdatamodeld;
			sourceTree = "<group>";
			versionGroupType = wrapper.xcdatamodel;
		};
/* End XCVersionGroup section */
	};
	rootObject = E913D466202A3C5C00243BDE /* Project object */;
}
